
Microsoft Visual Studio Solution File, Format Version 12.00
# Visual Studio Version 17
VisualStudioVersion = 17.0.31903.59
MinimumVisualStudioVersion = 10.0.40219.1
Project("{9A19103F-16F7-4668-BE54-9A1E7A4F7556}") = "DevExpress.DataProcessingAPI.ConsoleExample", "ConsoleExample\DevExpress.DataProcessingAPI.ConsoleExample.csproj", "{205E0C33-590E-4737-A09D-570F2976D4C6}"
EndProject
Project("{9A19103F-16F7-4668-BE54-9A1E7A4F7556}") = "DevExpress.DataProcessingAPI.CodeSamples", "CodeSamples\DevExpress.DataProcessingAPI.CodeSamples.csproj", "{0F2B3ACC-8A60-4C67-93FB-CC46179CEDB5}"
EndProject
Project("{9A19103F-16F7-4668-BE54-9A1E7A4F7556}") = "DevExpress.DataProcessingAPI.PerformanceExamples", "PerformanceExample\DevExpress.DataProcessingAPI.PerformanceExamples.csproj", "{346354E6-7A12-4815-8D29-2EF7F0712DA4}"
EndProject
Global
	GlobalSection(SolutionConfigurationPlatforms) = preSolution
		Debug|Any CPU = Debug|Any CPU
		Release|Any CPU = Release|Any CPU
	EndGlobalSection
	GlobalSection(ProjectConfigurationPlatforms) = postSolution
		{205E0C33-590E-4737-A09D-570F2976D4C6}.Debug|Any CPU.ActiveCfg = Debug|Any CPU
		{205E0C33-590E-4737-A09D-570F2976D4C6}.Debug|Any CPU.Build.0 = Debug|Any CPU
		{205E0C33-590E-4737-A09D-570F2976D4C6}.Release|Any CPU.ActiveCfg = Release|Any CPU
		{205E0C33-590E-4737-A09D-570F2976D4C6}.Release|Any CPU.Build.0 = Release|Any CPU
		{0F2B3ACC-8A60-4C67-93FB-CC46179CEDB5}.Debug|Any CPU.ActiveCfg = Debug|Any CPU
		{0F2B3ACC-8A60-4C67-93FB-CC46179CEDB5}.Debug|Any CPU.Build.0 = Debug|Any CPU
		{0F2B3ACC-8A60-4C67-93FB-CC46179CEDB5}.Release|Any CPU.ActiveCfg = Release|Any CPU
		{0F2B3ACC-8A60-4C67-93FB-CC46179CEDB5}.Release|Any CPU.Build.0 = Release|Any CPU
		{346354E6-7A12-4815-8D29-2EF7F0712DA4}.Debug|Any CPU.ActiveCfg = Debug|Any CPU
		{346354E6-7A12-4815-8D29-2EF7F0712DA4}.Debug|Any CPU.Build.0 = Debug|Any CPU
		{346354E6-7A12-4815-8D29-2EF7F0712DA4}.Release|Any CPU.ActiveCfg = Release|Any CPU
		{346354E6-7A12-4815-8D29-2EF7F0712DA4}.Release|Any CPU.Build.0 = Release|Any CPU
	EndGlobalSection
	GlobalSection(SolutionProperties) = preSolution
		HideSolutionNode = FALSE
	EndGlobalSection
	GlobalSection(ExtensibilityGlobals) = postSolution
		SolutionGuid = {B01BDCA9-4A3A-4D19-B26E-DC293DDCE062}
	EndGlobalSection
EndGlobal
